{
  "name": "gatsby-source-prismic-graphql",
  "version": "3.5.0",
  "lockfileVersion": 1,
  "requires": true,
  "dependencies": {
    "@types/graphql": {
      "version": "14.5.0",
      "resolved": "https://registry.npmjs.org/@types/graphql/-/graphql-14.5.0.tgz",
      "integrity": "sha512-MOkzsEp1Jk5bXuAsHsUi6BVv0zCO+7/2PTiZMXWDSsMXvNU6w/PLMQT2vHn8hy2i0JqojPz1Sz6rsFjHtsU0lA==",
      "requires": {
        "graphql": "*"
      }
    },
    "@types/zen-observable": {
      "version": "0.8.0",
      "resolved": "https://registry.npmjs.org/@types/zen-observable/-/zen-observable-0.8.0.tgz",
      "integrity": "sha512-te5lMAWii1uEJ4FwLjzdlbw3+n0FZNOvFXHxQDKeT0dilh7HOzdMzV2TrJVUzq8ep7J4Na8OUYPRLSQkJHAlrg=="
    },
    "@wry/context": {
      "version": "0.4.4",
      "resolved": "https://registry.npmjs.org/@wry/context/-/context-0.4.4.tgz",
      "integrity": "sha512-LrKVLove/zw6h2Md/KZyWxIkFM6AoyKp71OqpH9Hiip1csjPVoD3tPxlbQUNxEnHENks3UGgNpSBCAfq9KWuag==",
      "requires": {
        "@types/node": ">=6",
        "tslib": "^1.9.3"
      },
      "dependencies": {
        "@types/node": {
          "version": "13.9.3",
          "resolved": "https://registry.npmjs.org/@types/node/-/node-13.9.3.tgz",
          "integrity": "sha512-01s+ac4qerwd6RHD+mVbOEsraDHSgUaefQlEdBbUolnQFjKwCr7luvAlEwW1RFojh67u0z4OUTjPn9LEl4zIkA=="
        }
      }
    },
    "@wry/equality": {
      "version": "0.1.9",
      "resolved": "https://registry.npmjs.org/@wry/equality/-/equality-0.1.9.tgz",
      "integrity": "sha512-mB6ceGjpMGz1ZTza8HYnrPGos2mC6So4NhS1PtZ8s4Qt0K7fBiIGhpSxUbQmhwcSWE3no+bYxmI2OL6KuXYmoQ==",
      "requires": {
        "tslib": "^1.9.3"
      }
    },
    "apollo-cache": {
      "version": "1.3.4",
      "resolved": "https://registry.npmjs.org/apollo-cache/-/apollo-cache-1.3.4.tgz",
      "integrity": "sha512-7X5aGbqaOWYG+SSkCzJNHTz2ZKDcyRwtmvW4mGVLRqdQs+HxfXS4dUS2CcwrAj449se6tZ6NLUMnjko4KMt3KA==",
      "requires": {
        "apollo-utilities": "^1.3.3",
        "tslib": "^1.10.0"
      }
    },
    "apollo-cache-inmemory": {
      "version": "1.6.5",
      "resolved": "https://registry.npmjs.org/apollo-cache-inmemory/-/apollo-cache-inmemory-1.6.5.tgz",
      "integrity": "sha512-koB76JUDJaycfejHmrXBbWIN9pRKM0Z9CJGQcBzIOtmte1JhEBSuzsOUu7NQgiXKYI4iGoMREcnaWffsosZynA==",
      "requires": {
        "apollo-cache": "^1.3.4",
        "apollo-utilities": "^1.3.3",
        "optimism": "^0.10.0",
        "ts-invariant": "^0.4.0",
        "tslib": "^1.10.0"
      }
    },
    "apollo-client": {
      "version": "2.6.8",
      "resolved": "https://registry.npmjs.org/apollo-client/-/apollo-client-2.6.8.tgz",
      "integrity": "sha512-0zvJtAcONiozpa5z5zgou83iEKkBaXhhSSXJebFHRXs100SecDojyUWKjwTtBPn9HbM6o5xrvC5mo9VQ5fgAjw==",
      "requires": {
        "@types/zen-observable": "^0.8.0",
        "apollo-cache": "1.3.4",
        "apollo-link": "^1.0.0",
        "apollo-utilities": "1.3.3",
        "symbol-observable": "^1.0.2",
        "ts-invariant": "^0.4.0",
        "tslib": "^1.10.0",
        "zen-observable": "^0.8.0"
      }
    },
    "apollo-link": {
      "version": "1.2.13",
      "resolved": "https://registry.npmjs.org/apollo-link/-/apollo-link-1.2.13.tgz",
      "integrity": "sha512-+iBMcYeevMm1JpYgwDEIDt/y0BB7VWyvlm/7x+TIPNLHCTCMgcEgDuW5kH86iQZWo0I7mNwQiTOz+/3ShPFmBw==",
      "requires": {
        "apollo-utilities": "^1.3.0",
        "ts-invariant": "^0.4.0",
        "tslib": "^1.9.3",
        "zen-observable-ts": "^0.8.20"
      }
    },
    "apollo-link-error": {
      "version": "1.1.12",
      "resolved": "https://registry.npmjs.org/apollo-link-error/-/apollo-link-error-1.1.12.tgz",
      "integrity": "sha512-psNmHyuy3valGikt/XHJfe0pKJnRX19tLLs6P6EHRxg+6q6JMXNVLYPaQBkL0FkwdTCB0cbFJAGRYCBviG8TDA==",
      "requires": {
        "apollo-link": "^1.2.13",
        "apollo-link-http-common": "^0.2.15",
        "tslib": "^1.9.3"
      }
    },
    "apollo-link-http": {
      "version": "1.5.16",
      "resolved": "https://registry.npmjs.org/apollo-link-http/-/apollo-link-http-1.5.16.tgz",
      "integrity": "sha512-IA3xA/OcrOzINRZEECI6IdhRp/Twom5X5L9jMehfzEo2AXdeRwAMlH5LuvTZHgKD8V1MBnXdM6YXawXkTDSmJw==",
      "requires": {
        "apollo-link": "^1.2.13",
        "apollo-link-http-common": "^0.2.15",
        "tslib": "^1.9.3"
      }
    },
    "apollo-link-http-common": {
      "version": "0.2.15",
      "resolved": "https://registry.npmjs.org/apollo-link-http-common/-/apollo-link-http-common-0.2.15.tgz",
      "integrity": "sha512-+Heey4S2IPsPyTf8Ag3PugUupASJMW894iVps6hXbvwtg1aHSNMXUYO5VG7iRHkPzqpuzT4HMBanCTXPjtGzxg==",
      "requires": {
        "apollo-link": "^1.2.13",
        "ts-invariant": "^0.4.0",
        "tslib": "^1.9.3"
      }
    },
    "apollo-link-state": {
      "version": "0.4.2",
      "resolved": "https://registry.npmjs.org/apollo-link-state/-/apollo-link-state-0.4.2.tgz",
      "integrity": "sha512-xMPcAfuiPVYXaLwC6oJFIZrKgV3GmdO31Ag2eufRoXpvT0AfJZjdaPB4450Nu9TslHRePN9A3quxNueILlQxlw==",
      "requires": {
        "apollo-utilities": "^1.0.8",
        "graphql-anywhere": "^4.1.0-alpha.0"
      }
    },
    "apollo-utilities": {
      "version": "1.3.3",
      "resolved": "https://registry.npmjs.org/apollo-utilities/-/apollo-utilities-1.3.3.tgz",
      "integrity": "sha512-F14aX2R/fKNYMvhuP2t9GD9fggID7zp5I96MF5QeKYWDWTrkRdHRp4+SVfXUVN+cXOaB/IebfvRtzPf25CM0zw==",
      "requires": {
        "@wry/equality": "^0.1.2",
        "fast-json-stable-stringify": "^2.0.0",
        "ts-invariant": "^0.4.0",
        "tslib": "^1.10.0"
      }
    },
    "asynckit": {
      "version": "0.4.0",
      "resolved": "https://registry.npmjs.org/asynckit/-/asynckit-0.4.0.tgz",
      "integrity": "sha1-x57Zf380y48robyXkLzDZkdLS3k="
    },
    "combined-stream": {
      "version": "1.0.8",
      "resolved": "https://registry.npmjs.org/combined-stream/-/combined-stream-1.0.8.tgz",
      "integrity": "sha512-FQN4MRfuJeHf7cBbBMJFXhKSDq+2kAArBlmRBvcvFE5BB1HZKXtSFASDhdlz9zOYwxh8lDdnvmMOe/+5cdoEdg==",
      "requires": {
        "delayed-stream": "~1.0.0"
      }
    },
    "delayed-stream": {
      "version": "1.0.0",
      "resolved": "https://registry.npmjs.org/delayed-stream/-/delayed-stream-1.0.0.tgz",
      "integrity": "sha1-3zrhmayt+31ECqrgsp4icrJOxhk="
    },
    "deprecated-decorator": {
      "version": "0.1.6",
      "resolved": "https://registry.npmjs.org/deprecated-decorator/-/deprecated-decorator-0.1.6.tgz",
      "integrity": "sha1-AJZjF7ehL+kvPMgx91g68ym4bDc="
    },
    "encoding": {
      "version": "0.1.12",
      "resolved": "https://registry.npmjs.org/encoding/-/encoding-0.1.12.tgz",
      "integrity": "sha1-U4tm8+5izRq1HsMjgp0flIDHS+s=",
      "requires": {
        "iconv-lite": "~0.4.13"
      }
    },
    "extract-files": {
      "version": "7.0.0",
      "resolved": "https://registry.npmjs.org/extract-files/-/extract-files-7.0.0.tgz",
      "integrity": "sha512-3AUlT7TD+DbQXNe3t70QrgJU6Wgcp7rk1Zm0vqWz8OYnw4vxihgG0TgZ2SIGrVqScc4WfOu7B4a0BezGJ0YqvQ=="
    },
    "fast-json-stable-stringify": {
      "version": "2.1.0",
      "resolved": "https://registry.npmjs.org/fast-json-stable-stringify/-/fast-json-stable-stringify-2.1.0.tgz",
      "integrity": "sha512-lhd/wF+Lk98HZoTCtlVraHtfh5XYijIjalXck7saUtuanSDyLMxnHhSXEDJqHxD7msR8D0uCmqlkwjCV8xvwHw=="
    },
    "form-data": {
      "version": "3.0.0",
      "resolved": "https://registry.npmjs.org/form-data/-/form-data-3.0.0.tgz",
      "integrity": "sha512-CKMFDglpbMi6PyN+brwB9Q/GOw0eAnsrEZDgcsH5Krhz5Od/haKHAX0NmQfha2zPPz0JpWzA7GJHGSnvCRLWsg==",
      "requires": {
        "asynckit": "^0.4.0",
        "combined-stream": "^1.0.8",
        "mime-types": "^2.1.12"
      }
    },
    "gatsby-source-graphql-universal": {
      "version": "git+https://github.com/birkir/gatsby-source-graphql-universal.git#a68e20d0cad230a778928809300959a95a536788",
      "from": "git+https://github.com/birkir/gatsby-source-graphql-universal.git",
      "requires": {
        "@babel/runtime": "^7.0.0",
        "@types/graphql": "^14.0.4",
        "apollo-boost": "^0.1.23",
        "gatsby-source-graphql": "^2.0.8",
        "graphql": "^14.0.2",
        "graphql-tag": "^2.10.0",
        "graphql-tools": "^4.0.3",
        "lodash.clonedeep": "4.5.0",
        "lodash.get": "^4.4.2",
        "traverse": "^0.6.6"
      },
      "dependencies": {
        "@babel/runtime": {
          "version": "7.9.2",
          "resolved": "https://registry.npmjs.org/@babel/runtime/-/runtime-7.9.2.tgz",
          "integrity": "sha512-NE2DtOdufG7R5vnfQUTehdTfNycfUANEtCa9PssN9O/xmTzP4E08UI797ixaei6hBEVL9BI/PsdJS5x7mWoB9Q==",
          "requires": {
            "regenerator-runtime": "^0.13.4"
          }
        },
        "apollo-boost": {
          "version": "0.1.28",
          "resolved": "https://registry.npmjs.org/apollo-boost/-/apollo-boost-0.1.28.tgz",
          "integrity": "sha512-WnOeFKyI+1FxWtIsIjqj5TC+xMxJyY1pw8e0Gyd99vKaGNNulx1+MBEy2qL3u7NiaGWj93vxu/y4r8tKNnNqyA==",
          "requires": {
            "apollo-cache": "^1.1.26",
            "apollo-cache-inmemory": "^1.4.3",
            "apollo-client": "^2.4.13",
            "apollo-link": "^1.0.6",
            "apollo-link-error": "^1.0.3",
            "apollo-link-http": "^1.3.1",
            "apollo-link-state": "^0.4.0",
            "graphql-tag": "^2.4.2",
            "tslib": "^1.9.3"
          }
        },
        "gatsby-source-graphql": {
          "version": "2.2.1",
          "resolved": "https://registry.npmjs.org/gatsby-source-graphql/-/gatsby-source-graphql-2.2.1.tgz",
          "integrity": "sha512-PpWU+GEeZKdX3NrVSqFle7ednJ8c9y0Xx75SdKJCyu0eA/8HDw82R+jZULJ8d1+HVa2MA0LjWe4SOXksxKEeBA==",
          "requires": {
            "@babel/runtime": "^7.8.7",
            "apollo-link": "1.2.13",
            "apollo-link-http": "^1.5.16",
            "graphql-tools-fork": "^8.9.6",
            "invariant": "^2.2.4",
            "node-fetch": "^1.7.3",
            "uuid": "^3.4.0"
          }
        },
        "traverse": {
          "version": "0.6.6",
          "resolved": "https://registry.npmjs.org/traverse/-/traverse-0.6.6.tgz",
          "integrity": "sha1-y99WD9e5r2MlAv7UD5GMFX6pcTc="
        }
      }
    },
    "graphql": {
      "version": "14.6.0",
      "resolved": "https://registry.npmjs.org/graphql/-/graphql-14.6.0.tgz",
      "integrity": "sha512-VKzfvHEKybTKjQVpTFrA5yUq2S9ihcZvfJAtsDBBCuV6wauPu1xl/f9ehgVf0FcEJJs4vz6ysb/ZMkGigQZseg==",
      "requires": {
        "iterall": "^1.2.2"
      }
    },
    "graphql-anywhere": {
      "version": "4.2.6",
      "resolved": "https://registry.npmjs.org/graphql-anywhere/-/graphql-anywhere-4.2.6.tgz",
      "integrity": "sha512-re4fqaii3l0fCsC3qFKQrmwffephI9rinrwXAy+4EnWip2YkGlV8wC4en42eW8KI2nlWBh9lkJPfR/5TZf/l1w==",
      "requires": {
        "apollo-utilities": "^1.3.3",
        "ts-invariant": "^0.3.2",
        "tslib": "^1.10.0"
      },
      "dependencies": {
        "ts-invariant": {
          "version": "0.3.3",
          "resolved": "https://registry.npmjs.org/ts-invariant/-/ts-invariant-0.3.3.tgz",
          "integrity": "sha512-UReOKsrJFGC9tUblgSRWo+BsVNbEd77Cl6WiV/XpMlkifXwNIJbknViCucHvVZkXSC/mcWeRnIGdY7uprcwvdQ==",
          "requires": {
            "tslib": "^1.9.3"
          }
        }
      }
    },
    "graphql-tag": {
      "version": "2.10.3",
      "resolved": "https://registry.npmjs.org/graphql-tag/-/graphql-tag-2.10.3.tgz",
      "integrity": "sha512-4FOv3ZKfA4WdOKJeHdz6B3F/vxBLSgmBcGeAFPf4n1F64ltJUvOOerNj0rsJxONQGdhUMynQIvd6LzB+1J5oKA=="
    },
    "graphql-tools": {
      "version": "4.0.7",
      "resolved": "https://registry.npmjs.org/graphql-tools/-/graphql-tools-4.0.7.tgz",
      "integrity": "sha512-rApl8sT8t/W1uQRcwzxMYyUBiCl/XicluApiDkNze5TX/GR0BSTQMjM2UcRGdTmkbsb1Eqq6afkyyeG/zMxZYQ==",
      "requires": {
        "apollo-link": "^1.2.3",
        "apollo-utilities": "^1.0.1",
        "deprecated-decorator": "^0.1.6",
        "iterall": "^1.1.3",
        "uuid": "^3.1.0"
      }
    },
    "graphql-tools-fork": {
      "version": "8.10.0",
      "resolved": "https://registry.npmjs.org/graphql-tools-fork/-/graphql-tools-fork-8.10.0.tgz",
      "integrity": "sha512-RzUIpnBMxInqgAtTmfET34Z6cwpREwTaXedRDT+0e6vzMdL2GckDqkCQyxsXHghbCVOL80oOXGB02S0rzgkOwA==",
      "requires": {
        "apollo-link": "^1.2.13",
        "apollo-link-http-common": "^0.2.15",
        "deprecated-decorator": "^0.1.6",
        "extract-files": "^7.0.0",
        "form-data": "^3.0.0",
        "iterall": "^1.3.0",
        "node-fetch": "^2.6.0",
        "uuid": "^7.0.2"
      },
      "dependencies": {
        "node-fetch": {
          "version": "2.6.0",
          "resolved": "https://registry.npmjs.org/node-fetch/-/node-fetch-2.6.0.tgz",
          "integrity": "sha512-8dG4H5ujfvFiqDmVu9fQ5bOHUC15JMjMY/Zumv26oOvvVJjM67KF8koCWIabKQ1GJIa9r2mMZscBq/TbdOcmNA=="
        },
        "uuid": {
          "version": "7.0.2",
          "resolved": "https://registry.npmjs.org/uuid/-/uuid-7.0.2.tgz",
          "integrity": "sha512-vy9V/+pKG+5ZTYKf+VcphF5Oc6EFiu3W8Nv3P3zIh0EqVI80ZxOzuPfe9EHjkFNvf8+xuTHVeei4Drydlx4zjw=="
        }
      }
    },
    "iconv-lite": {
      "version": "0.4.24",
      "resolved": "https://registry.npmjs.org/iconv-lite/-/iconv-lite-0.4.24.tgz",
      "integrity": "sha512-v3MXnZAcvnywkTUEZomIActle7RXXeedOR31wwl7VlyoXO4Qi9arvSenNQWne1TcRwhCL1HwLI21bEqdpj8/rA==",
      "requires": {
        "safer-buffer": ">= 2.1.2 < 3"
      }
    },
    "invariant": {
      "version": "2.2.4",
      "resolved": "https://registry.npmjs.org/invariant/-/invariant-2.2.4.tgz",
      "integrity": "sha512-phJfQVBuaJM5raOpJjSfkiD6BpbCE4Ns//LaXl6wGYtUBY83nWS6Rf9tXm2e8VaK60JEjYldbPif/A2B1C2gNA==",
      "requires": {
        "loose-envify": "^1.0.0"
      }
    },
    "is-stream": {
      "version": "1.1.0",
      "resolved": "https://registry.npmjs.org/is-stream/-/is-stream-1.1.0.tgz",
      "integrity": "sha1-EtSj3U5o4Lec6428hBc66A2RykQ="
    },
    "iterall": {
      "version": "1.3.0",
      "resolved": "https://registry.npmjs.org/iterall/-/iterall-1.3.0.tgz",
      "integrity": "sha512-QZ9qOMdF+QLHxy1QIpUHUU1D5pS2CG2P69LF6L6CPjPYA/XMOmKV3PZpawHoAjHNyB0swdVTRxdYT4tbBbxqwg=="
    },
    "js-tokens": {
      "version": "4.0.0",
      "resolved": "https://registry.npmjs.org/js-tokens/-/js-tokens-4.0.0.tgz",
      "integrity": "sha512-RdJUflcE3cUzKiMqQgsCu06FPu9UdIJO0beYbPhHN4k6apgJtifcoCtT9bcxOpYBtpD2kCM6Sbzg4CausW/PKQ=="
    },
    "lodash.clonedeep": {
      "version": "4.5.0",
      "resolved": "https://registry.npmjs.org/lodash.clonedeep/-/lodash.clonedeep-4.5.0.tgz",
      "integrity": "sha1-4j8/nE+Pvd6HJSnBBxhXoIblzO8="
    },
    "lodash.get": {
      "version": "4.4.2",
      "resolved": "https://registry.npmjs.org/lodash.get/-/lodash.get-4.4.2.tgz",
      "integrity": "sha1-LRd/ZS+jHpObRDjVNBSZ36OCXpk="
    },
    "loose-envify": {
      "version": "1.4.0",
      "resolved": "https://registry.npmjs.org/loose-envify/-/loose-envify-1.4.0.tgz",
      "integrity": "sha512-lyuxPGr/Wfhrlem2CL/UcnUc1zcqKAImBDzukY7Y5F/yQiNdko6+fRLevlw1HgMySw7f611UIY408EtxRSoK3Q==",
      "requires": {
        "js-tokens": "^3.0.0 || ^4.0.0"
      }
    },
    "mime-db": {
      "version": "1.43.0",
      "resolved": "https://registry.npmjs.org/mime-db/-/mime-db-1.43.0.tgz",
      "integrity": "sha512-+5dsGEEovYbT8UY9yD7eE4XTc4UwJ1jBYlgaQQF38ENsKR3wj/8q8RFZrF9WIZpB2V1ArTVFUva8sAul1NzRzQ=="
    },
    "mime-types": {
      "version": "2.1.26",
      "resolved": "https://registry.npmjs.org/mime-types/-/mime-types-2.1.26.tgz",
      "integrity": "sha512-01paPWYgLrkqAyrlDorC1uDwl2p3qZT7yl806vW7DvDoxwXi46jsjFbg+WdwotBIk6/MbEhO/dh5aZ5sNj/dWQ==",
      "requires": {
        "mime-db": "1.43.0"
      }
    },
    "node-fetch": {
      "version": "1.7.3",
      "resolved": "https://registry.npmjs.org/node-fetch/-/node-fetch-1.7.3.tgz",
      "integrity": "sha512-NhZ4CsKx7cYm2vSrBAr2PvFOe6sWDf0UYLRqA6svUYg7+/TSfVAu49jYC4BvQ4Sms9SZgdqGBgroqfDhJdTyKQ==",
      "requires": {
        "encoding": "^0.1.11",
        "is-stream": "^1.0.1"
      }
    },
    "optimism": {
      "version": "0.10.3",
      "resolved": "https://registry.npmjs.org/optimism/-/optimism-0.10.3.tgz",
      "integrity": "sha512-9A5pqGoQk49H6Vhjb9kPgAeeECfUDF6aIICbMDL23kDLStBn1MWk3YvcZ4xWF9CsSf6XEgvRLkXy4xof/56vVw==",
      "requires": {
        "@wry/context": "^0.4.0"
      }
    },
    "regenerator-runtime": {
      "version": "0.13.5",
      "resolved": "https://registry.npmjs.org/regenerator-runtime/-/regenerator-runtime-0.13.5.tgz",
      "integrity": "sha512-ZS5w8CpKFinUzOwW3c83oPeVXoNsrLsaCoLtJvAClH135j/R77RuymhiSErhm2lKcwSCIpmvIWSbDkIfAqKQlA=="
    },
    "safer-buffer": {
      "version": "2.1.2",
      "resolved": "https://registry.npmjs.org/safer-buffer/-/safer-buffer-2.1.2.tgz",
      "integrity": "sha512-YZo3K82SD7Riyi0E1EQPojLz7kpepnSQI9IyPbHHg1XXXevb5dJI7tpyN2ADxGcQbHG7vcyRHk0cbwqcQriUtg=="
    },
    "symbol-observable": {
      "version": "1.2.0",
      "resolved": "https://registry.npmjs.org/symbol-observable/-/symbol-observable-1.2.0.tgz",
      "integrity": "sha512-e900nM8RRtGhlV36KGEU9k65K3mPb1WV70OdjfxlG2EAuM1noi/E/BaW/uMhL7bPEssK8QV57vN3esixjUvcXQ=="
    },
    "ts-invariant": {
      "version": "0.4.4",
      "resolved": "https://registry.npmjs.org/ts-invariant/-/ts-invariant-0.4.4.tgz",
      "integrity": "sha512-uEtWkFM/sdZvRNNDL3Ehu4WVpwaulhwQszV8mrtcdeE8nN00BV9mAmQ88RkrBhFgl9gMgvjJLAQcZbnPXI9mlA==",
      "requires": {
        "tslib": "^1.9.3"
      }
    },
    "tslib": {
      "version": "1.11.1",
      "resolved": "https://registry.npmjs.org/tslib/-/tslib-1.11.1.tgz",
      "integrity": "sha512-aZW88SY8kQbU7gpV19lN24LtXh/yD4ZZg6qieAJDDg+YBsJcSmLGK9QpnUjAKVG/xefmvJGd1WUmfpT/g6AJGA=="
    },
    "uuid": {
      "version": "3.4.0",
      "resolved": "https://registry.npmjs.org/uuid/-/uuid-3.4.0.tgz",
      "integrity": "sha512-HjSDRw6gZE5JMggctHBcjVak08+KEVhSIiDzFnT9S9aegmp85S/bReBVTb4QTFaRNptJ9kuYaNhnbNEOkbKb/A=="
    },
    "zen-observable": {
      "version": "0.8.15",
      "resolved": "https://registry.npmjs.org/zen-observable/-/zen-observable-0.8.15.tgz",
      "integrity": "sha512-PQ2PC7R9rslx84ndNBZB/Dkv8V8fZEpk83RLgXtYd0fwUgEjseMn1Dgajh2x6S8QbZAFa9p2qVCEuYZNgve0dQ=="
    },
    "zen-observable-ts": {
      "version": "0.8.20",
      "resolved": "https://registry.npmjs.org/zen-observable-ts/-/zen-observable-ts-0.8.20.tgz",
      "integrity": "sha512-2rkjiPALhOtRaDX6pWyNqK1fnP5KkJJybYebopNSn6wDG1lxBoFs2+nwwXKoA6glHIrtwrfBBy6da0stkKtTAA==",
      "requires": {
        "tslib": "^1.9.3",
        "zen-observable": "^0.8.0"
      }
    }
  }
}
